{
  "version": 2,
  "dependencies": {
    "native,Version=v0.0": {
      "Microsoft.Web.WebView2": {
        "type": "Direct",
        "requested": "[1.0.3856.49, )",
        "resolved": "1.0.3856.49",
        "contentHash": "OOBKvFgK0pUKcndvTK6/jUsbrPRwce62Wt/0hkJWDsK2AcsJ2ylOS/mLa4xAcNUTOs96YIjpPN4AHMADXJcrgQ=="
      },
      "Microsoft.Windows.ImplementationLibrary": {
        "type": "Direct",
        "requested": "[1.0.260126.7, )",
        "resolved": "1.0.260126.7",
        "contentHash": "pXT/6g9/W9uOh7NTpGpArYGSm9W0v5EWM0Njhm3YWgKf+71hii5H5aDcD539jG9IZmjT1eT1pn67n4A6zwEQ+A=="
      }
    }
  }
}