{
  "version": 2,
  "dependencies": {
    "native,Version=v0.0": {
      "Microsoft.Web.WebView2": {
        "type": "Direct",
        "requested": "[1.0.4191.47, )",
        "resolved": "1.0.4191.47",
        "contentHash": "Snb6mlTpuz6ZFjWMwIdg28Xp6kAUMy3zaLUyGbFSaw+/AJKlwoX8EiaWJ1eUMfKyJHksPkFjJHl1LIB7kX+0AQ=="
      },
      "Microsoft.Windows.ImplementationLibrary": {
        "type": "Direct",
        "requested": "[1.0.260126.7, )",
        "resolved": "1.0.260126.7",
        "contentHash": "pXT/6g9/W9uOh7NTpGpArYGSm9W0v5EWM0Njhm3YWgKf+71hii5H5aDcD539jG9IZmjT1eT1pn67n4A6zwEQ+A=="
      }
    }
  }
}